
Microsoft Visual Studio Solution File, Format Version 12.00
# Visual Studio 2012
Project("{FAE04EC0-301F-11D3-BF4B-00C04F79EFBC}") = "Homework4_task1", "Homework4_task1\Homework4_task1.csproj", "{1C1061AF-F3CB-4B3D-A311-BA3C36758273}"
EndProject
Global
	GlobalSection(SolutionConfigurationPlatforms) = preSolution
		Debug|Any CPU = Debug|Any CPU
		Release|Any CPU = Release|Any CPU
	EndGlobalSection
	GlobalSection(ProjectConfigurationPlatforms) = postSolution
		{1C1061AF-F3CB-4B3D-A311-BA3C36758273}.Debug|Any CPU.ActiveCfg = Debug|Any CPU
		{1C1061AF-F3CB-4B3D-A311-BA3C36758273}.Debug|Any CPU.Build.0 = Debug|Any CPU
		{1C1061AF-F3CB-4B3D-A311-BA3C36758273}.Release|Any CPU.ActiveCfg = Release|Any CPU
		{1C1061AF-F3CB-4B3D-A311-BA3C36758273}.Release|Any CPU.Build.0 = Release|Any CPU
	EndGlobalSection
	GlobalSection(SolutionProperties) = preSolution
		HideSolutionNode = FALSE
	EndGlobalSection
EndGlobal
