
Microsoft Visual Studio Solution File, Format Version 12.00
# Visual Studio 2012
Project("{8BC9CEB8-8B4A-11D0-8D11-00A0C91BC942}") = "5_task3_other_version", "5_task3_other_version\5_task3_other_version.vcxproj", "{334433BE-C54C-49BC-BE0D-46BFBB86F13E}"
EndProject
Global
	GlobalSection(SolutionConfigurationPlatforms) = preSolution
		Debug|Win32 = Debug|Win32
		Release|Win32 = Release|Win32
	EndGlobalSection
	GlobalSection(ProjectConfigurationPlatforms) = postSolution
		{334433BE-C54C-49BC-BE0D-46BFBB86F13E}.Debug|Win32.ActiveCfg = Debug|Win32
		{334433BE-C54C-49BC-BE0D-46BFBB86F13E}.Debug|Win32.Build.0 = Debug|Win32
		{334433BE-C54C-49BC-BE0D-46BFBB86F13E}.Release|Win32.ActiveCfg = Release|Win32
		{334433BE-C54C-49BC-BE0D-46BFBB86F13E}.Release|Win32.Build.0 = Release|Win32
	EndGlobalSection
	GlobalSection(SolutionProperties) = preSolution
		HideSolutionNode = FALSE
	EndGlobalSection
EndGlobal
