
Microsoft Visual Studio Solution File, Format Version 12.00
# Visual Studio 2012
Project("{FAE04EC0-301F-11D3-BF4B-00C04F79EFBC}") = "3_CW", "3_CW\3_CW.csproj", "{B5322B93-3944-4FF9-A34E-5963979987DA}"
EndProject
Global
	GlobalSection(SolutionConfigurationPlatforms) = preSolution
		Debug|Any CPU = Debug|Any CPU
		Release|Any CPU = Release|Any CPU
	EndGlobalSection
	GlobalSection(ProjectConfigurationPlatforms) = postSolution
		{B5322B93-3944-4FF9-A34E-5963979987DA}.Debug|Any CPU.ActiveCfg = Debug|Any CPU
		{B5322B93-3944-4FF9-A34E-5963979987DA}.Debug|Any CPU.Build.0 = Debug|Any CPU
		{B5322B93-3944-4FF9-A34E-5963979987DA}.Release|Any CPU.ActiveCfg = Release|Any CPU
		{B5322B93-3944-4FF9-A34E-5963979987DA}.Release|Any CPU.Build.0 = Release|Any CPU
	EndGlobalSection
	GlobalSection(SolutionProperties) = preSolution
		HideSolutionNode = FALSE
	EndGlobalSection
EndGlobal
