
Microsoft Visual Studio Solution File, Format Version 12.00
# Visual Studio 2012
Project("{F2A71F9B-5D33-465A-A702-920D77279786}") = "task2_3", "task2_3\task2_3.fsproj", "{A5ADCF14-F0BF-43BA-9309-AEFE07CBE938}"
EndProject
Global
	GlobalSection(SolutionConfigurationPlatforms) = preSolution
		Debug|Any CPU = Debug|Any CPU
		Release|Any CPU = Release|Any CPU
	EndGlobalSection
	GlobalSection(ProjectConfigurationPlatforms) = postSolution
		{A5ADCF14-F0BF-43BA-9309-AEFE07CBE938}.Debug|Any CPU.ActiveCfg = Debug|Any CPU
		{A5ADCF14-F0BF-43BA-9309-AEFE07CBE938}.Debug|Any CPU.Build.0 = Debug|Any CPU
		{A5ADCF14-F0BF-43BA-9309-AEFE07CBE938}.Release|Any CPU.ActiveCfg = Release|Any CPU
		{A5ADCF14-F0BF-43BA-9309-AEFE07CBE938}.Release|Any CPU.Build.0 = Release|Any CPU
	EndGlobalSection
	GlobalSection(SolutionProperties) = preSolution
		HideSolutionNode = FALSE
	EndGlobalSection
EndGlobal
