
Microsoft Visual Studio Solution File, Format Version 12.00
# Visual Studio 2012
Project("{F2A71F9B-5D33-465A-A702-920D77279786}") = "task4_4", "task4_4\task4_4.fsproj", "{5EC4D3B3-D027-4695-A80C-171D6A58DFAC}"
EndProject
Global
	GlobalSection(SolutionConfigurationPlatforms) = preSolution
		Debug|Any CPU = Debug|Any CPU
		Release|Any CPU = Release|Any CPU
	EndGlobalSection
	GlobalSection(ProjectConfigurationPlatforms) = postSolution
		{5EC4D3B3-D027-4695-A80C-171D6A58DFAC}.Debug|Any CPU.ActiveCfg = Debug|Any CPU
		{5EC4D3B3-D027-4695-A80C-171D6A58DFAC}.Debug|Any CPU.Build.0 = Debug|Any CPU
		{5EC4D3B3-D027-4695-A80C-171D6A58DFAC}.Release|Any CPU.ActiveCfg = Release|Any CPU
		{5EC4D3B3-D027-4695-A80C-171D6A58DFAC}.Release|Any CPU.Build.0 = Release|Any CPU
	EndGlobalSection
	GlobalSection(SolutionProperties) = preSolution
		HideSolutionNode = FALSE
	EndGlobalSection
EndGlobal
