
Microsoft Visual Studio Solution File, Format Version 12.00
# Visual Studio 2012
Project("{FAE04EC0-301F-11D3-BF4B-00C04F79EFBC}") = "homework1_task1", "homework1_task1\homework1_task1.csproj", "{3E5E4D5D-DE2C-4A58-AF73-9B82741064F9}"
EndProject
Global
	GlobalSection(SolutionConfigurationPlatforms) = preSolution
		Debug|Any CPU = Debug|Any CPU
		Release|Any CPU = Release|Any CPU
	EndGlobalSection
	GlobalSection(ProjectConfigurationPlatforms) = postSolution
		{3E5E4D5D-DE2C-4A58-AF73-9B82741064F9}.Debug|Any CPU.ActiveCfg = Debug|Any CPU
		{3E5E4D5D-DE2C-4A58-AF73-9B82741064F9}.Debug|Any CPU.Build.0 = Debug|Any CPU
		{3E5E4D5D-DE2C-4A58-AF73-9B82741064F9}.Release|Any CPU.ActiveCfg = Release|Any CPU
		{3E5E4D5D-DE2C-4A58-AF73-9B82741064F9}.Release|Any CPU.Build.0 = Release|Any CPU
	EndGlobalSection
	GlobalSection(SolutionProperties) = preSolution
		HideSolutionNode = FALSE
	EndGlobalSection
EndGlobal
