
Microsoft Visual Studio Solution File, Format Version 12.00
# Visual Studio 2012
Project("{FAE04EC0-301F-11D3-BF4B-00C04F79EFBC}") = "task3", "task3\task3.csproj", "{9611EFF4-6BE6-40F1-9FF3-FB63C219CA83}"
EndProject
Project("{FAE04EC0-301F-11D3-BF4B-00C04F79EFBC}") = "task3.Tests", "task3.Tests\task3.Tests.csproj", "{AAD68147-9228-4AB1-A53B-C378AA4D2973}"
EndProject
Global
	GlobalSection(SolutionConfigurationPlatforms) = preSolution
		Debug|Any CPU = Debug|Any CPU
		Release|Any CPU = Release|Any CPU
	EndGlobalSection
	GlobalSection(ProjectConfigurationPlatforms) = postSolution
		{9611EFF4-6BE6-40F1-9FF3-FB63C219CA83}.Debug|Any CPU.ActiveCfg = Debug|Any CPU
		{9611EFF4-6BE6-40F1-9FF3-FB63C219CA83}.Debug|Any CPU.Build.0 = Debug|Any CPU
		{9611EFF4-6BE6-40F1-9FF3-FB63C219CA83}.Release|Any CPU.ActiveCfg = Release|Any CPU
		{9611EFF4-6BE6-40F1-9FF3-FB63C219CA83}.Release|Any CPU.Build.0 = Release|Any CPU
		{AAD68147-9228-4AB1-A53B-C378AA4D2973}.Debug|Any CPU.ActiveCfg = Debug|Any CPU
		{AAD68147-9228-4AB1-A53B-C378AA4D2973}.Debug|Any CPU.Build.0 = Debug|Any CPU
		{AAD68147-9228-4AB1-A53B-C378AA4D2973}.Release|Any CPU.ActiveCfg = Release|Any CPU
		{AAD68147-9228-4AB1-A53B-C378AA4D2973}.Release|Any CPU.Build.0 = Release|Any CPU
	EndGlobalSection
	GlobalSection(SolutionProperties) = preSolution
		HideSolutionNode = FALSE
	EndGlobalSection
EndGlobal
