
Microsoft Visual Studio Solution File, Format Version 12.00
# Visual Studio 2012
Project("{F2A71F9B-5D33-465A-A702-920D77279786}") = "task3_6", "task3_6\task3_6.fsproj", "{0B1749EE-2D6A-44EF-9B83-D0F9781E251F}"
EndProject
Global
	GlobalSection(SolutionConfigurationPlatforms) = preSolution
		Debug|Any CPU = Debug|Any CPU
		Release|Any CPU = Release|Any CPU
	EndGlobalSection
	GlobalSection(ProjectConfigurationPlatforms) = postSolution
		{0B1749EE-2D6A-44EF-9B83-D0F9781E251F}.Debug|Any CPU.ActiveCfg = Debug|Any CPU
		{0B1749EE-2D6A-44EF-9B83-D0F9781E251F}.Debug|Any CPU.Build.0 = Debug|Any CPU
		{0B1749EE-2D6A-44EF-9B83-D0F9781E251F}.Release|Any CPU.ActiveCfg = Release|Any CPU
		{0B1749EE-2D6A-44EF-9B83-D0F9781E251F}.Release|Any CPU.Build.0 = Release|Any CPU
	EndGlobalSection
	GlobalSection(SolutionProperties) = preSolution
		HideSolutionNode = FALSE
	EndGlobalSection
EndGlobal
