
Microsoft Visual Studio Solution File, Format Version 12.00
# Visual Studio 2012
Project("{FAE04EC0-301F-11D3-BF4B-00C04F79EFBC}") = "homework1_task3", "homework1_task3\homework1_task3.csproj", "{95CDB63C-2264-494A-9FD1-851C94D8448C}"
EndProject
Global
	GlobalSection(SolutionConfigurationPlatforms) = preSolution
		Debug|Any CPU = Debug|Any CPU
		Release|Any CPU = Release|Any CPU
	EndGlobalSection
	GlobalSection(ProjectConfigurationPlatforms) = postSolution
		{95CDB63C-2264-494A-9FD1-851C94D8448C}.Debug|Any CPU.ActiveCfg = Debug|Any CPU
		{95CDB63C-2264-494A-9FD1-851C94D8448C}.Debug|Any CPU.Build.0 = Debug|Any CPU
		{95CDB63C-2264-494A-9FD1-851C94D8448C}.Release|Any CPU.ActiveCfg = Release|Any CPU
		{95CDB63C-2264-494A-9FD1-851C94D8448C}.Release|Any CPU.Build.0 = Release|Any CPU
	EndGlobalSection
	GlobalSection(SolutionProperties) = preSolution
		HideSolutionNode = FALSE
	EndGlobalSection
EndGlobal
