
Microsoft Visual Studio Solution File, Format Version 12.00
# Visual Studio 2012
Project("{F2A71F9B-5D33-465A-A702-920D77279786}") = "task4_1", "task4_1\task4_1.fsproj", "{D431DE50-6011-4596-84A3-37F7F00B83BC}"
EndProject
Global
	GlobalSection(SolutionConfigurationPlatforms) = preSolution
		Debug|Any CPU = Debug|Any CPU
		Release|Any CPU = Release|Any CPU
	EndGlobalSection
	GlobalSection(ProjectConfigurationPlatforms) = postSolution
		{D431DE50-6011-4596-84A3-37F7F00B83BC}.Debug|Any CPU.ActiveCfg = Debug|Any CPU
		{D431DE50-6011-4596-84A3-37F7F00B83BC}.Debug|Any CPU.Build.0 = Debug|Any CPU
		{D431DE50-6011-4596-84A3-37F7F00B83BC}.Release|Any CPU.ActiveCfg = Release|Any CPU
		{D431DE50-6011-4596-84A3-37F7F00B83BC}.Release|Any CPU.Build.0 = Release|Any CPU
	EndGlobalSection
	GlobalSection(SolutionProperties) = preSolution
		HideSolutionNode = FALSE
	EndGlobalSection
EndGlobal
